
Microsoft Visual Studio Solution File, Format Version 12.00
# Visual Studio Version 17
VisualStudioVersion = 17.11.35327.3
MinimumVisualStudioVersion = 10.0.40219.1
Project("{9A19103F-16F7-4668-BE54-9A1E7A4F7556}") = "TestEnerGov.Server", "TestEnerGov.Server\TestEnerGov.Server.csproj", "{851F3DF6-5760-43A0-9792-F6E907C50DB0}"
EndProject
Project("{54A90642-561A-4BB1-A94E-469ADEE60C69}") = "testenergov.client", "testenergov.client\testenergov.client.esproj", "{A37055AA-A679-4281-86BF-67536A760196}"
EndProject
Global
	GlobalSection(SolutionConfigurationPlatforms) = preSolution
		Debug|Any CPU = Debug|Any CPU
		Release|Any CPU = Release|Any CPU
	EndGlobalSection
	GlobalSection(ProjectConfigurationPlatforms) = postSolution
		{851F3DF6-5760-43A0-9792-F6E907C50DB0}.Debug|Any CPU.ActiveCfg = Debug|Any CPU
		{851F3DF6-5760-43A0-9792-F6E907C50DB0}.Debug|Any CPU.Build.0 = Debug|Any CPU
		{851F3DF6-5760-43A0-9792-F6E907C50DB0}.Release|Any CPU.ActiveCfg = Release|Any CPU
		{851F3DF6-5760-43A0-9792-F6E907C50DB0}.Release|Any CPU.Build.0 = Release|Any CPU
		{A37055AA-A679-4281-86BF-67536A760196}.Debug|Any CPU.ActiveCfg = Debug|Any CPU
		{A37055AA-A679-4281-86BF-67536A760196}.Debug|Any CPU.Build.0 = Debug|Any CPU
		{A37055AA-A679-4281-86BF-67536A760196}.Debug|Any CPU.Deploy.0 = Debug|Any CPU
		{A37055AA-A679-4281-86BF-67536A760196}.Release|Any CPU.ActiveCfg = Release|Any CPU
		{A37055AA-A679-4281-86BF-67536A760196}.Release|Any CPU.Build.0 = Release|Any CPU
		{A37055AA-A679-4281-86BF-67536A760196}.Release|Any CPU.Deploy.0 = Release|Any CPU
	EndGlobalSection
	GlobalSection(SolutionProperties) = preSolution
		HideSolutionNode = FALSE
	EndGlobalSection
	GlobalSection(ExtensibilityGlobals) = postSolution
		SolutionGuid = {C16A96D7-B881-4B43-BF96-7E40E8B4B123}
	EndGlobalSection
EndGlobal
